
Microsoft Visual Studio Solution File, Format Version 12.00
# Visual Studio Version 16
VisualStudioVersion = 16.0.29020.237
MinimumVisualStudioVersion = 10.0.40219.1
Project("{9A19103F-16F7-4668-BE54-9A1E7A4F7556}") = "QueryDesignerCore", "QueryDesignerCore\QueryDesignerCore.csproj", "{55F4E7DB-683A-43D8-90CF-3242D1553B49}"
EndProject
Project("{FAE04EC0-301F-11D3-BF4B-00C04F79EFBC}") = "QueryDesignerCore.UnitTests", "QueryDesignerCore.UnitTests\QueryDesignerCore.UnitTests.csproj", "{7F56919B-6F89-44DE-A064-8F25AF95D7B1}"
EndProject
Global
	GlobalSection(SolutionConfigurationPlatforms) = preSolution
		Debug|Any CPU = Debug|Any CPU
		Release|Any CPU = Release|Any CPU
	EndGlobalSection
	GlobalSection(ProjectConfigurationPlatforms) = postSolution
		{55F4E7DB-683A-43D8-90CF-3242D1553B49}.Debug|Any CPU.ActiveCfg = Debug|Any CPU
		{55F4E7DB-683A-43D8-90CF-3242D1553B49}.Debug|Any CPU.Build.0 = Debug|Any CPU
		{55F4E7DB-683A-43D8-90CF-3242D1553B49}.Release|Any CPU.ActiveCfg = Release|Any CPU
		{55F4E7DB-683A-43D8-90CF-3242D1553B49}.Release|Any CPU.Build.0 = Release|Any CPU
		{7F56919B-6F89-44DE-A064-8F25AF95D7B1}.Debug|Any CPU.ActiveCfg = Debug|Any CPU
		{7F56919B-6F89-44DE-A064-8F25AF95D7B1}.Debug|Any CPU.Build.0 = Debug|Any CPU
		{7F56919B-6F89-44DE-A064-8F25AF95D7B1}.Release|Any CPU.ActiveCfg = Release|Any CPU
		{7F56919B-6F89-44DE-A064-8F25AF95D7B1}.Release|Any CPU.Build.0 = Release|Any CPU
	EndGlobalSection
	GlobalSection(SolutionProperties) = preSolution
		HideSolutionNode = FALSE
	EndGlobalSection
	GlobalSection(ExtensibilityGlobals) = postSolution
		SolutionGuid = {A67105FE-CDD5-4362-8A50-F9A6A2E9BEB8}
	EndGlobalSection
EndGlobal
